// !$*UTF8*$!
{
	archiveVersion = 1;
	classes = {
	};
	objectVersion = 50;
	objects = {

/* Begin PBXBuildFile section */
		710D9374238541B90050BD59 /* AdventOfCode.swift in Sources */ = {isa = PBXBuildFile; fileRef = 710D9373238541B90050BD59 /* AdventOfCode.swift */; };
		E981328B23849CBB0004E844 /* Day01.swift in Sources */ = {isa = PBXBuildFile; fileRef = E981328A23849CBA0004E844 /* Day01.swift */; };
		E981328E23849CC40004E844 /* Day02.swift in Sources */ = {isa = PBXBuildFile; fileRef = E981328C23849CC40004E844 /* Day02.swift */; };
		E981329123849CCB0004E844 /* Day03.swift in Sources */ = {isa = PBXBuildFile; fileRef = E981329023849CCB0004E844 /* Day03.swift */; };
		E981329423849DA60004E844 /* Day04.swift in Sources */ = {isa = PBXBuildFile; fileRef = E981329223849DA60004E844 /* Day04.swift */; };
		E981329723849DB10004E844 /* Day05.swift in Sources */ = {isa = PBXBuildFile; fileRef = E981329523849DB10004E844 /* Day05.swift */; };
		E981329A23849DBC0004E844 /* Day06.swift in Sources */ = {isa = PBXBuildFile; fileRef = E981329823849DBC0004E844 /* Day06.swift */; };
		E981329D23849DCA0004E844 /* Day07.swift in Sources */ = {isa = PBXBuildFile; fileRef = E981329C23849DCA0004E844 /* Day07.swift */; };
		E98132A023849DE80004E844 /* Day08.swift in Sources */ = {isa = PBXBuildFile; fileRef = E981329F23849DE80004E844 /* Day08.swift */; };
		E98132A323849DF30004E844 /* Day09.swift in Sources */ = {isa = PBXBuildFile; fileRef = E98132A223849DF30004E844 /* Day09.swift */; };
		E98132A623849DFD0004E844 /* Day10.swift in Sources */ = {isa = PBXBuildFile; fileRef = E98132A523849DFD0004E844 /* Day10.swift */; };
		E98132A923849E060004E844 /* Day11.swift in Sources */ = {isa = PBXBuildFile; fileRef = E98132A823849E060004E844 /* Day11.swift */; };
		E98132AC23849E100004E844 /* Day12.swift in Sources */ = {isa = PBXBuildFile; fileRef = E98132AB23849E100004E844 /* Day12.swift */; };
		E98132AF23849E1B0004E844 /* Day13.swift in Sources */ = {isa = PBXBuildFile; fileRef = E98132AD23849E1B0004E844 /* Day13.swift */; };
		E98132B223849E2A0004E844 /* Day14.swift in Sources */ = {isa = PBXBuildFile; fileRef = E98132B123849E2A0004E844 /* Day14.swift */; };
		E98132B523849E530004E844 /* Day16.swift in Sources */ = {isa = PBXBuildFile; fileRef = E98132B323849E530004E844 /* Day16.swift */; };
		E98132B823849E590004E844 /* Day15.swift in Sources */ = {isa = PBXBuildFile; fileRef = E98132B623849E590004E844 /* Day15.swift */; };
		E98132BB23849E750004E844 /* Day19.swift in Sources */ = {isa = PBXBuildFile; fileRef = E98132BA23849E750004E844 /* Day19.swift */; };
		E98132BE23849E7B0004E844 /* Day18.swift in Sources */ = {isa = PBXBuildFile; fileRef = E98132BD23849E7B0004E844 /* Day18.swift */; };
		E98132C123849E820004E844 /* Day17.swift in Sources */ = {isa = PBXBuildFile; fileRef = E98132C023849E820004E844 /* Day17.swift */; };
		E98132C423849ECD0004E844 /* Day25.swift in Sources */ = {isa = PBXBuildFile; fileRef = E98132C323849ECD0004E844 /* Day25.swift */; };
		E98132C723849ED40004E844 /* Day24.swift in Sources */ = {isa = PBXBuildFile; fileRef = E98132C523849ED40004E844 /* Day24.swift */; };
		E98132CA23849ED90004E844 /* Day23.swift in Sources */ = {isa = PBXBuildFile; fileRef = E98132C923849ED90004E844 /* Day23.swift */; };
		E98132CD23849EE00004E844 /* Day22.swift in Sources */ = {isa = PBXBuildFile; fileRef = E98132CB23849EE00004E844 /* Day22.swift */; };
		E98132D023849EE50004E844 /* Day21.swift in Sources */ = {isa = PBXBuildFile; fileRef = E98132CE23849EE50004E844 /* Day21.swift */; };
		E98132D323849EEB0004E844 /* Day20.swift in Sources */ = {isa = PBXBuildFile; fileRef = E98132D223849EEB0004E844 /* Day20.swift */; };
		E9F3CF2D23849691005B8B13 /* main.swift in Sources */ = {isa = PBXBuildFile; fileRef = E9F3CF2C23849691005B8B13 /* main.swift */; };
/* End PBXBuildFile section */

/* Begin PBXCopyFilesBuildPhase section */
		E9F3CF2723849691005B8B13 /* CopyFiles */ = {
			isa = PBXCopyFilesBuildPhase;
			buildActionMask = 2147483647;
			dstPath = /usr/share/man/man1/;
			dstSubfolderSpec = 0;
			files = (
			);
			runOnlyForDeploymentPostprocessing = 1;
		};
/* End PBXCopyFilesBuildPhase section */

/* Begin PBXFileReference section */
		710D9373238541B90050BD59 /* AdventOfCode.swift */ = {isa = PBXFileReference; lastKnownFileType = sourcecode.swift; path = AdventOfCode.swift; sourceTree = "<group>"; };
		E981328923849CBA0004E844 /* input.txt */ = {isa = PBXFileReference; fileEncoding = 4; lastKnownFileType = text; path = input.txt; sourceTree = "<group>"; };
		E981328A23849CBA0004E844 /* Day01.swift */ = {isa = PBXFileReference; fileEncoding = 4; lastKnownFileType = sourcecode.swift; path = Day01.swift; sourceTree = "<group>"; };
		E981328C23849CC40004E844 /* Day02.swift */ = {isa = PBXFileReference; fileEncoding = 4; lastKnownFileType = sourcecode.swift; path = Day02.swift; sourceTree = "<group>"; };
		E981328D23849CC40004E844 /* input.txt */ = {isa = PBXFileReference; fileEncoding = 4; lastKnownFileType = text; path = input.txt; sourceTree = "<group>"; };
		E981328F23849CCB0004E844 /* input.txt */ = {isa = PBXFileReference; fileEncoding = 4; lastKnownFileType = text; path = input.txt; sourceTree = "<group>"; };
		E981329023849CCB0004E844 /* Day03.swift */ = {isa = PBXFileReference; fileEncoding = 4; lastKnownFileType = sourcecode.swift; path = Day03.swift; sourceTree = "<group>"; };
		E981329223849DA60004E844 /* Day04.swift */ = {isa = PBXFileReference; fileEncoding = 4; lastKnownFileType = sourcecode.swift; path = Day04.swift; sourceTree = "<group>"; };
		E981329323849DA60004E844 /* input.txt */ = {isa = PBXFileReference; fileEncoding = 4; lastKnownFileType = text; path = input.txt; sourceTree = "<group>"; };
		E981329523849DB10004E844 /* Day05.swift */ = {isa = PBXFileReference; fileEncoding = 4; lastKnownFileType = sourcecode.swift; path = Day05.swift; sourceTree = "<group>"; };
		E981329623849DB10004E844 /* input.txt */ = {isa = PBXFileReference; fileEncoding = 4; lastKnownFileType = text; path = input.txt; sourceTree = "<group>"; };
		E981329823849DBC0004E844 /* Day06.swift */ = {isa = PBXFileReference; fileEncoding = 4; lastKnownFileType = sourcecode.swift; path = Day06.swift; sourceTree = "<group>"; };
		E981329923849DBC0004E844 /* input.txt */ = {isa = PBXFileReference; fileEncoding = 4; lastKnownFileType = text; path = input.txt; sourceTree = "<group>"; };
		E981329B23849DCA0004E844 /* input.txt */ = {isa = PBXFileReference; fileEncoding = 4; lastKnownFileType = text; path = input.txt; sourceTree = "<group>"; };
		E981329C23849DCA0004E844 /* Day07.swift */ = {isa = PBXFileReference; fileEncoding = 4; lastKnownFileType = sourcecode.swift; path = Day07.swift; sourceTree = "<group>"; };
		E981329E23849DE80004E844 /* input.txt */ = {isa = PBXFileReference; fileEncoding = 4; lastKnownFileType = text; path = input.txt; sourceTree = "<group>"; };
		E981329F23849DE80004E844 /* Day08.swift */ = {isa = PBXFileReference; fileEncoding = 4; lastKnownFileType = sourcecode.swift; path = Day08.swift; sourceTree = "<group>"; };
		E98132A123849DF30004E844 /* input.txt */ = {isa = PBXFileReference; fileEncoding = 4; lastKnownFileType = text; path = input.txt; sourceTree = "<group>"; };
		E98132A223849DF30004E844 /* Day09.swift */ = {isa = PBXFileReference; fileEncoding = 4; lastKnownFileType = sourcecode.swift; path = Day09.swift; sourceTree = "<group>"; };
		E98132A423849DFD0004E844 /* input.txt */ = {isa = PBXFileReference; fileEncoding = 4; lastKnownFileType = text; path = input.txt; sourceTree = "<group>"; };
		E98132A523849DFD0004E844 /* Day10.swift */ = {isa = PBXFileReference; fileEncoding = 4; lastKnownFileType = sourcecode.swift; path = Day10.swift; sourceTree = "<group>"; };
		E98132A723849E060004E844 /* input.txt */ = {isa = PBXFileReference; fileEncoding = 4; lastKnownFileType = text; path = input.txt; sourceTree = "<group>"; };
		E98132A823849E060004E844 /* Day11.swift */ = {isa = PBXFileReference; fileEncoding = 4; lastKnownFileType = sourcecode.swift; path = Day11.swift; sourceTree = "<group>"; };
		E98132AA23849E100004E844 /* input.txt */ = {isa = PBXFileReference; fileEncoding = 4; lastKnownFileType = text; path = input.txt; sourceTree = "<group>"; };
		E98132AB23849E100004E844 /* Day12.swift */ = {isa = PBXFileReference; fileEncoding = 4; lastKnownFileType = sourcecode.swift; path = Day12.swift; sourceTree = "<group>"; };
		E98132AD23849E1B0004E844 /* Day13.swift */ = {isa = PBXFileReference; fileEncoding = 4; lastKnownFileType = sourcecode.swift; path = Day13.swift; sourceTree = "<group>"; };
		E98132AE23849E1B0004E844 /* input.txt */ = {isa = PBXFileReference; fileEncoding = 4; lastKnownFileType = text; path = input.txt; sourceTree = "<group>"; };
		E98132B023849E2A0004E844 /* input.txt */ = {isa = PBXFileReference; fileEncoding = 4; lastKnownFileType = text; path = input.txt; sourceTree = "<group>"; };
		E98132B123849E2A0004E844 /* Day14.swift */ = {isa = PBXFileReference; fileEncoding = 4; lastKnownFileType = sourcecode.swift; path = Day14.swift; sourceTree = "<group>"; };
		E98132B323849E530004E844 /* Day16.swift */ = {isa = PBXFileReference; fileEncoding = 4; lastKnownFileType = sourcecode.swift; path = Day16.swift; sourceTree = "<group>"; };
		E98132B423849E530004E844 /* input.txt */ = {isa = PBXFileReference; fileEncoding = 4; lastKnownFileType = text; path = input.txt; sourceTree = "<group>"; };
		E98132B623849E590004E844 /* Day15.swift */ = {isa = PBXFileReference; fileEncoding = 4; lastKnownFileType = sourcecode.swift; path = Day15.swift; sourceTree = "<group>"; };
		E98132B723849E590004E844 /* input.txt */ = {isa = PBXFileReference; fileEncoding = 4; lastKnownFileType = text; path = input.txt; sourceTree = "<group>"; };
		E98132B923849E750004E844 /* input.txt */ = {isa = PBXFileReference; fileEncoding = 4; lastKnownFileType = text; path = input.txt; sourceTree = "<group>"; };
		E98132BA23849E750004E844 /* Day19.swift */ = {isa = PBXFileReference; fileEncoding = 4; lastKnownFileType = sourcecode.swift; path = Day19.swift; sourceTree = "<group>"; };
		E98132BC23849E7B0004E844 /* input.txt */ = {isa = PBXFileReference; fileEncoding = 4; lastKnownFileType = text; path = input.txt; sourceTree = "<group>"; };
		E98132BD23849E7B0004E844 /* Day18.swift */ = {isa = PBXFileReference; fileEncoding = 4; lastKnownFileType = sourcecode.swift; path = Day18.swift; sourceTree = "<group>"; };
		E98132BF23849E820004E844 /* input.txt */ = {isa = PBXFileReference; fileEncoding = 4; lastKnownFileType = text; path = input.txt; sourceTree = "<group>"; };
		E98132C023849E820004E844 /* Day17.swift */ = {isa = PBXFileReference; fileEncoding = 4; lastKnownFileType = sourcecode.swift; path = Day17.swift; sourceTree = "<group>"; };
		E98132C223849ECD0004E844 /* input.txt */ = {isa = PBXFileReference; fileEncoding = 4; lastKnownFileType = text; path = input.txt; sourceTree = "<group>"; };
		E98132C323849ECD0004E844 /* Day25.swift */ = {isa = PBXFileReference; fileEncoding = 4; lastKnownFileType = sourcecode.swift; path = Day25.swift; sourceTree = "<group>"; };
		E98132C523849ED40004E844 /* Day24.swift */ = {isa = PBXFileReference; fileEncoding = 4; lastKnownFileType = sourcecode.swift; path = Day24.swift; sourceTree = "<group>"; };
		E98132C623849ED40004E844 /* input.txt */ = {isa = PBXFileReference; fileEncoding = 4; lastKnownFileType = text; path = input.txt; sourceTree = "<group>"; };
		E98132C823849ED90004E844 /* input.txt */ = {isa = PBXFileReference; fileEncoding = 4; lastKnownFileType = text; path = input.txt; sourceTree = "<group>"; };
		E98132C923849ED90004E844 /* Day23.swift */ = {isa = PBXFileReference; fileEncoding = 4; lastKnownFileType = sourcecode.swift; path = Day23.swift; sourceTree = "<group>"; };
		E98132CB23849EE00004E844 /* Day22.swift */ = {isa = PBXFileReference; fileEncoding = 4; lastKnownFileType = sourcecode.swift; path = Day22.swift; sourceTree = "<group>"; };
		E98132CC23849EE00004E844 /* input.txt */ = {isa = PBXFileReference; fileEncoding = 4; lastKnownFileType = text; path = input.txt; sourceTree = "<group>"; };
		E98132CE23849EE50004E844 /* Day21.swift */ = {isa = PBXFileReference; fileEncoding = 4; lastKnownFileType = sourcecode.swift; path = Day21.swift; sourceTree = "<group>"; };
		E98132CF23849EE50004E844 /* input.txt */ = {isa = PBXFileReference; fileEncoding = 4; lastKnownFileType = text; path = input.txt; sourceTree = "<group>"; };
		E98132D123849EEA0004E844 /* input.txt */ = {isa = PBXFileReference; fileEncoding = 4; lastKnownFileType = text; path = input.txt; sourceTree = "<group>"; };
		E98132D223849EEB0004E844 /* Day20.swift */ = {isa = PBXFileReference; fileEncoding = 4; lastKnownFileType = sourcecode.swift; path = Day20.swift; sourceTree = "<group>"; };
		E9F3CF2923849691005B8B13 /* AdventOfCode-Swift */ = {isa = PBXFileReference; explicitFileType = "compiled.mach-o.executable"; includeInIndex = 0; path = "AdventOfCode-Swift"; sourceTree = BUILT_PRODUCTS_DIR; };
		E9F3CF2C23849691005B8B13 /* main.swift */ = {isa = PBXFileReference; lastKnownFileType = sourcecode.swift; path = main.swift; sourceTree = "<group>"; };
/* End PBXFileReference section */

/* Begin PBXFrameworksBuildPhase section */
		E9F3CF2623849691005B8B13 /* Frameworks */ = {
			isa = PBXFrameworksBuildPhase;
			buildActionMask = 2147483647;
			files = (
			);
			runOnlyForDeploymentPostprocessing = 0;
		};
/* End PBXFrameworksBuildPhase section */

/* Begin PBXGroup section */
		E9813269238499B00004E844 /* Days */ = {
			isa = PBXGroup;
			children = (
				E981328723849C560004E844 /* Day01 */,
				E981328223849C560004E844 /* Day02 */,
				E981327D23849C560004E844 /* Day03 */,
				E981328623849C560004E844 /* Day04 */,
				E981327C23849C560004E844 /* Day05 */,
				E981327A23849C560004E844 /* Day06 */,
				E981327723849C550004E844 /* Day07 */,
				E981327823849C550004E844 /* Day08 */,
				E981328023849C560004E844 /* Day09 */,
				E981327F23849C560004E844 /* Day10 */,
				E981327023849C550004E844 /* Day11 */,
				E981327523849C550004E844 /* Day12 */,
				E981328323849C560004E844 /* Day13 */,
				E981327E23849C560004E844 /* Day14 */,
				E981327423849C550004E844 /* Day15 */,
				E981327923849C560004E844 /* Day16 */,
				E981327223849C550004E844 /* Day17 */,
				E981327B23849C560004E844 /* Day18 */,
				E981328823849C560004E844 /* Day19 */,
				E981328123849C560004E844 /* Day20 */,
				E981327123849C550004E844 /* Day21 */,
				E981327623849C550004E844 /* Day22 */,
				E981327323849C550004E844 /* Day23 */,
				E981328423849C560004E844 /* Day24 */,
				E981328523849C560004E844 /* Day25 */,
			);
			path = Days;
			sourceTree = "<group>";
		};
		E981327023849C550004E844 /* Day11 */ = {
			isa = PBXGroup;
			children = (
				E98132A823849E060004E844 /* Day11.swift */,
				E98132A723849E060004E844 /* input.txt */,
			);
			path = Day11;
			sourceTree = "<group>";
		};
		E981327123849C550004E844 /* Day21 */ = {
			isa = PBXGroup;
			children = (
				E98132CE23849EE50004E844 /* Day21.swift */,
				E98132CF23849EE50004E844 /* input.txt */,
			);
			path = Day21;
			sourceTree = "<group>";
		};
		E981327223849C550004E844 /* Day17 */ = {
			isa = PBXGroup;
			children = (
				E98132C023849E820004E844 /* Day17.swift */,
				E98132BF23849E820004E844 /* input.txt */,
			);
			path = Day17;
			sourceTree = "<group>";
		};
		E981327323849C550004E844 /* Day23 */ = {
			isa = PBXGroup;
			children = (
				E98132C923849ED90004E844 /* Day23.swift */,
				E98132C823849ED90004E844 /* input.txt */,
			);
			path = Day23;
			sourceTree = "<group>";
		};
		E981327423849C550004E844 /* Day15 */ = {
			isa = PBXGroup;
			children = (
				E98132B623849E590004E844 /* Day15.swift */,
				E98132B723849E590004E844 /* input.txt */,
			);
			path = Day15;
			sourceTree = "<group>";
		};
		E981327523849C550004E844 /* Day12 */ = {
			isa = PBXGroup;
			children = (
				E98132AB23849E100004E844 /* Day12.swift */,
				E98132AA23849E100004E844 /* input.txt */,
			);
			path = Day12;
			sourceTree = "<group>";
		};
		E981327623849C550004E844 /* Day22 */ = {
			isa = PBXGroup;
			children = (
				E98132CB23849EE00004E844 /* Day22.swift */,
				E98132CC23849EE00004E844 /* input.txt */,
			);
			path = Day22;
			sourceTree = "<group>";
		};
		E981327723849C550004E844 /* Day07 */ = {
			isa = PBXGroup;
			children = (
				E981329C23849DCA0004E844 /* Day07.swift */,
				E981329B23849DCA0004E844 /* input.txt */,
			);
			path = Day07;
			sourceTree = "<group>";
		};
		E981327823849C550004E844 /* Day08 */ = {
			isa = PBXGroup;
			children = (
				E981329F23849DE80004E844 /* Day08.swift */,
				E981329E23849DE80004E844 /* input.txt */,
			);
			path = Day08;
			sourceTree = "<group>";
		};
		E981327923849C560004E844 /* Day16 */ = {
			isa = PBXGroup;
			children = (
				E98132B323849E530004E844 /* Day16.swift */,
				E98132B423849E530004E844 /* input.txt */,
			);
			path = Day16;
			sourceTree = "<group>";
		};
		E981327A23849C560004E844 /* Day06 */ = {
			isa = PBXGroup;
			children = (
				E981329823849DBC0004E844 /* Day06.swift */,
				E981329923849DBC0004E844 /* input.txt */,
			);
			path = Day06;
			sourceTree = "<group>";
		};
		E981327B23849C560004E844 /* Day18 */ = {
			isa = PBXGroup;
			children = (
				E98132BD23849E7B0004E844 /* Day18.swift */,
				E98132BC23849E7B0004E844 /* input.txt */,
			);
			path = Day18;
			sourceTree = "<group>";
		};
		E981327C23849C560004E844 /* Day05 */ = {
			isa = PBXGroup;
			children = (
				E981329523849DB10004E844 /* Day05.swift */,
				E981329623849DB10004E844 /* input.txt */,
			);
			path = Day05;
			sourceTree = "<group>";
		};
		E981327D23849C560004E844 /* Day03 */ = {
			isa = PBXGroup;
			children = (
				E981329023849CCB0004E844 /* Day03.swift */,
				E981328F23849CCB0004E844 /* input.txt */,
			);
			path = Day03;
			sourceTree = "<group>";
		};
		E981327E23849C560004E844 /* Day14 */ = {
			isa = PBXGroup;
			children = (
				E98132B123849E2A0004E844 /* Day14.swift */,
				E98132B023849E2A0004E844 /* input.txt */,
			);
			path = Day14;
			sourceTree = "<group>";
		};
		E981327F23849C560004E844 /* Day10 */ = {
			isa = PBXGroup;
			children = (
				E98132A523849DFD0004E844 /* Day10.swift */,
				E98132A423849DFD0004E844 /* input.txt */,
			);
			path = Day10;
			sourceTree = "<group>";
		};
		E981328023849C560004E844 /* Day09 */ = {
			isa = PBXGroup;
			children = (
				E98132A223849DF30004E844 /* Day09.swift */,
				E98132A123849DF30004E844 /* input.txt */,
			);
			path = Day09;
			sourceTree = "<group>";
		};
		E981328123849C560004E844 /* Day20 */ = {
			isa = PBXGroup;
			children = (
				E98132D223849EEB0004E844 /* Day20.swift */,
				E98132D123849EEA0004E844 /* input.txt */,
			);
			path = Day20;
			sourceTree = "<group>";
		};
		E981328223849C560004E844 /* Day02 */ = {
			isa = PBXGroup;
			children = (
				E981328C23849CC40004E844 /* Day02.swift */,
				E981328D23849CC40004E844 /* input.txt */,
			);
			path = Day02;
			sourceTree = "<group>";
		};
		E981328323849C560004E844 /* Day13 */ = {
			isa = PBXGroup;
			children = (
				E98132AD23849E1B0004E844 /* Day13.swift */,
				E98132AE23849E1B0004E844 /* input.txt */,
			);
			path = Day13;
			sourceTree = "<group>";
		};
		E981328423849C560004E844 /* Day24 */ = {
			isa = PBXGroup;
			children = (
				E98132C523849ED40004E844 /* Day24.swift */,
				E98132C623849ED40004E844 /* input.txt */,
			);
			path = Day24;
			sourceTree = "<group>";
		};
		E981328523849C560004E844 /* Day25 */ = {
			isa = PBXGroup;
			children = (
				E98132C323849ECD0004E844 /* Day25.swift */,
				E98132C223849ECD0004E844 /* input.txt */,
			);
			path = Day25;
			sourceTree = "<group>";
		};
		E981328623849C560004E844 /* Day04 */ = {
			isa = PBXGroup;
			children = (
				E981329223849DA60004E844 /* Day04.swift */,
				E981329323849DA60004E844 /* input.txt */,
			);
			path = Day04;
			sourceTree = "<group>";
		};
		E981328723849C560004E844 /* Day01 */ = {
			isa = PBXGroup;
			children = (
				E981328A23849CBA0004E844 /* Day01.swift */,
				E981328923849CBA0004E844 /* input.txt */,
			);
			path = Day01;
			sourceTree = "<group>";
		};
		E981328823849C560004E844 /* Day19 */ = {
			isa = PBXGroup;
			children = (
				E98132BA23849E750004E844 /* Day19.swift */,
				E98132B923849E750004E844 /* input.txt */,
			);
			path = Day19;
			sourceTree = "<group>";
		};
		E9F3CF2023849691005B8B13 = {
			isa = PBXGroup;
			children = (
				E9F3CF2B23849691005B8B13 /* AdventOfCode-Swift */,
				E9F3CF2A23849691005B8B13 /* Products */,
			);
			sourceTree = "<group>";
		};
		E9F3CF2A23849691005B8B13 /* Products */ = {
			isa = PBXGroup;
			children = (
				E9F3CF2923849691005B8B13 /* AdventOfCode-Swift */,
			);
			name = Products;
			sourceTree = "<group>";
		};
		E9F3CF2B23849691005B8B13 /* AdventOfCode-Swift */ = {
			isa = PBXGroup;
			children = (
				E9813269238499B00004E844 /* Days */,
				710D9373238541B90050BD59 /* AdventOfCode.swift */,
				E9F3CF2C23849691005B8B13 /* main.swift */,
			);
			path = "AdventOfCode-Swift";
			sourceTree = "<group>";
		};
/* End PBXGroup section */

/* Begin PBXNativeTarget section */
		E9F3CF2823849691005B8B13 /* AdventOfCode-Swift */ = {
			isa = PBXNativeTarget;
			buildConfigurationList = E9F3CF3023849691005B8B13 /* Build configuration list for PBXNativeTarget "AdventOfCode-Swift" */;
			buildPhases = (
				E9F3CF2523849691005B8B13 /* Sources */,
				E9F3CF2623849691005B8B13 /* Frameworks */,
				E9F3CF2723849691005B8B13 /* CopyFiles */,
			);
			buildRules = (
			);
			dependencies = (
			);
			name = "AdventOfCode-Swift";
			productName = "AdventOfCode-Swift";
			productReference = E9F3CF2923849691005B8B13 /* AdventOfCode-Swift */;
			productType = "com.apple.product-type.tool";
		};
/* End PBXNativeTarget section */

/* Begin PBXProject section */
		E9F3CF2123849691005B8B13 /* Project object */ = {
			isa = PBXProject;
			attributes = {
				LastSwiftUpdateCheck = 1120;
				LastUpgradeCheck = 1120;
				ORGANIZATIONNAME = "Thomas Durand";
				TargetAttributes = {
					E9F3CF2823849691005B8B13 = {
						CreatedOnToolsVersion = 11.2.1;
					};
				};
			};
			buildConfigurationList = E9F3CF2423849691005B8B13 /* Build configuration list for PBXProject "AdventOfCode-Swift" */;
			compatibilityVersion = "Xcode 9.3";
			developmentRegion = en;
			hasScannedForEncodings = 0;
			knownRegions = (
				en,
				Base,
			);
			mainGroup = E9F3CF2023849691005B8B13;
			productRefGroup = E9F3CF2A23849691005B8B13 /* Products */;
			projectDirPath = "";
			projectRoot = "";
			targets = (
				E9F3CF2823849691005B8B13 /* AdventOfCode-Swift */,
			);
		};
/* End PBXProject section */

/* Begin PBXSourcesBuildPhase section */
		E9F3CF2523849691005B8B13 /* Sources */ = {
			isa = PBXSourcesBuildPhase;
			buildActionMask = 2147483647;
			files = (
				E981329723849DB10004E844 /* Day05.swift in Sources */,
				E981328B23849CBB0004E844 /* Day01.swift in Sources */,
				E98132CA23849ED90004E844 /* Day23.swift in Sources */,
				E98132AC23849E100004E844 /* Day12.swift in Sources */,
				E98132B223849E2A0004E844 /* Day14.swift in Sources */,
				E98132BE23849E7B0004E844 /* Day18.swift in Sources */,
				E98132C423849ECD0004E844 /* Day25.swift in Sources */,
				710D9374238541B90050BD59 /* AdventOfCode.swift in Sources */,
				E981328E23849CC40004E844 /* Day02.swift in Sources */,
				E98132D023849EE50004E844 /* Day21.swift in Sources */,
				E98132A323849DF30004E844 /* Day09.swift in Sources */,
				E98132C723849ED40004E844 /* Day24.swift in Sources */,
				E98132A923849E060004E844 /* Day11.swift in Sources */,
				E98132AF23849E1B0004E844 /* Day13.swift in Sources */,
				E98132A623849DFD0004E844 /* Day10.swift in Sources */,
				E98132B523849E530004E844 /* Day16.swift in Sources */,
				E98132A023849DE80004E844 /* Day08.swift in Sources */,
				E98132D323849EEB0004E844 /* Day20.swift in Sources */,
				E981329423849DA60004E844 /* Day04.swift in Sources */,
				E98132CD23849EE00004E844 /* Day22.swift in Sources */,
				E981329D23849DCA0004E844 /* Day07.swift in Sources */,
				E98132B823849E590004E844 /* Day15.swift in Sources */,
				E981329123849CCB0004E844 /* Day03.swift in Sources */,
				E981329A23849DBC0004E844 /* Day06.swift in Sources */,
				E98132BB23849E750004E844 /* Day19.swift in Sources */,
				E98132C123849E820004E844 /* Day17.swift in Sources */,
				E9F3CF2D23849691005B8B13 /* main.swift in Sources */,
			);
			runOnlyForDeploymentPostprocessing = 0;
		};
/* End PBXSourcesBuildPhase section */

/* Begin XCBuildConfiguration section */
		E9F3CF2E23849691005B8B13 /* Debug */ = {
			isa = XCBuildConfiguration;
			buildSettings = {
				ALWAYS_SEARCH_USER_PATHS = NO;
				CLANG_ANALYZER_NONNULL = YES;
				CLANG_ANALYZER_NUMBER_OBJECT_CONVERSION = YES_AGGRESSIVE;
				CLANG_CXX_LANGUAGE_STANDARD = "gnu++14";
				CLANG_CXX_LIBRARY = "libc++";
				CLANG_ENABLE_MODULES = YES;
				CLANG_ENABLE_OBJC_ARC = YES;
				CLANG_ENABLE_OBJC_WEAK = YES;
				CLANG_WARN_BLOCK_CAPTURE_AUTORELEASING = YES;
				CLANG_WARN_BOOL_CONVERSION = YES;
				CLANG_WARN_COMMA = YES;
				CLANG_WARN_CONSTANT_CONVERSION = YES;
				CLANG_WARN_DEPRECATED_OBJC_IMPLEMENTATIONS = YES;
				CLANG_WARN_DIRECT_OBJC_ISA_USAGE = YES_ERROR;
				CLANG_WARN_DOCUMENTATION_COMMENTS = YES;
				CLANG_WARN_EMPTY_BODY = YES;
				CLANG_WARN_ENUM_CONVERSION = YES;
				CLANG_WARN_INFINITE_RECURSION = YES;
				CLANG_WARN_INT_CONVERSION = YES;
				CLANG_WARN_NON_LITERAL_NULL_CONVERSION = YES;
				CLANG_WARN_OBJC_IMPLICIT_RETAIN_SELF = YES;
				CLANG_WARN_OBJC_LITERAL_CONVERSION = YES;
				CLANG_WARN_OBJC_ROOT_CLASS = YES_ERROR;
				CLANG_WARN_RANGE_LOOP_ANALYSIS = YES;
				CLANG_WARN_STRICT_PROTOTYPES = YES;
				CLANG_WARN_SUSPICIOUS_MOVE = YES;
				CLANG_WARN_UNGUARDED_AVAILABILITY = YES_AGGRESSIVE;
				CLANG_WARN_UNREACHABLE_CODE = YES;
				CLANG_WARN__DUPLICATE_METHOD_MATCH = YES;
				COPY_PHASE_STRIP = NO;
				DEBUG_INFORMATION_FORMAT = dwarf;
				ENABLE_STRICT_OBJC_MSGSEND = YES;
				ENABLE_TESTABILITY = YES;
				GCC_C_LANGUAGE_STANDARD = gnu11;
				GCC_DYNAMIC_NO_PIC = NO;
				GCC_NO_COMMON_BLOCKS = YES;
				GCC_OPTIMIZATION_LEVEL = 0;
				GCC_PREPROCESSOR_DEFINITIONS = (
					"DEBUG=1",
					"$(inherited)",
				);
				GCC_WARN_64_TO_32_BIT_CONVERSION = YES;
				GCC_WARN_ABOUT_RETURN_TYPE = YES_ERROR;
				GCC_WARN_UNDECLARED_SELECTOR = YES;
				GCC_WARN_UNINITIALIZED_AUTOS = YES_AGGRESSIVE;
				GCC_WARN_UNUSED_FUNCTION = YES;
				GCC_WARN_UNUSED_VARIABLE = YES;
				MACOSX_DEPLOYMENT_TARGET = 10.15;
				MTL_ENABLE_DEBUG_INFO = INCLUDE_SOURCE;
				MTL_FAST_MATH = YES;
				ONLY_ACTIVE_ARCH = YES;
				SDKROOT = macosx;
				SWIFT_ACTIVE_COMPILATION_CONDITIONS = DEBUG;
				SWIFT_OPTIMIZATION_LEVEL = "-Onone";
			};
			name = Debug;
		};
		E9F3CF2F23849691005B8B13 /* Release */ = {
			isa = XCBuildConfiguration;
			buildSettings = {
				ALWAYS_SEARCH_USER_PATHS = NO;
				CLANG_ANALYZER_NONNULL = YES;
				CLANG_ANALYZER_NUMBER_OBJECT_CONVERSION = YES_AGGRESSIVE;
				CLANG_CXX_LANGUAGE_STANDARD = "gnu++14";
				CLANG_CXX_LIBRARY = "libc++";
				CLANG_ENABLE_MODULES = YES;
				CLANG_ENABLE_OBJC_ARC = YES;
				CLANG_ENABLE_OBJC_WEAK = YES;
				CLANG_WARN_BLOCK_CAPTURE_AUTORELEASING = YES;
				CLANG_WARN_BOOL_CONVERSION = YES;
				CLANG_WARN_COMMA = YES;
				CLANG_WARN_CONSTANT_CONVERSION = YES;
				CLANG_WARN_DEPRECATED_OBJC_IMPLEMENTATIONS = YES;
				CLANG_WARN_DIRECT_OBJC_ISA_USAGE = YES_ERROR;
				CLANG_WARN_DOCUMENTATION_COMMENTS = YES;
				CLANG_WARN_EMPTY_BODY = YES;
				CLANG_WARN_ENUM_CONVERSION = YES;
				CLANG_WARN_INFINITE_RECURSION = YES;
				CLANG_WARN_INT_CONVERSION = YES;
				CLANG_WARN_NON_LITERAL_NULL_CONVERSION = YES;
				CLANG_WARN_OBJC_IMPLICIT_RETAIN_SELF = YES;
				CLANG_WARN_OBJC_LITERAL_CONVERSION = YES;
				CLANG_WARN_OBJC_ROOT_CLASS = YES_ERROR;
				CLANG_WARN_RANGE_LOOP_ANALYSIS = YES;
				CLANG_WARN_STRICT_PROTOTYPES = YES;
				CLANG_WARN_SUSPICIOUS_MOVE = YES;
				CLANG_WARN_UNGUARDED_AVAILABILITY = YES_AGGRESSIVE;
				CLANG_WARN_UNREACHABLE_CODE = YES;
				CLANG_WARN__DUPLICATE_METHOD_MATCH = YES;
				COPY_PHASE_STRIP = NO;
				DEBUG_INFORMATION_FORMAT = "dwarf-with-dsym";
				ENABLE_NS_ASSERTIONS = NO;
				ENABLE_STRICT_OBJC_MSGSEND = YES;
				GCC_C_LANGUAGE_STANDARD = gnu11;
				GCC_NO_COMMON_BLOCKS = YES;
				GCC_WARN_64_TO_32_BIT_CONVERSION = YES;
				GCC_WARN_ABOUT_RETURN_TYPE = YES_ERROR;
				GCC_WARN_UNDECLARED_SELECTOR = YES;
				GCC_WARN_UNINITIALIZED_AUTOS = YES_AGGRESSIVE;
				GCC_WARN_UNUSED_FUNCTION = YES;
				GCC_WARN_UNUSED_VARIABLE = YES;
				MACOSX_DEPLOYMENT_TARGET = 10.15;
				MTL_ENABLE_DEBUG_INFO = NO;
				MTL_FAST_MATH = YES;
				SDKROOT = macosx;
				SWIFT_COMPILATION_MODE = wholemodule;
				SWIFT_OPTIMIZATION_LEVEL = "-O";
			};
			name = Release;
		};
		E9F3CF3123849691005B8B13 /* Debug */ = {
			isa = XCBuildConfiguration;
			buildSettings = {
				CODE_SIGN_STYLE = Automatic;
				DEVELOPMENT_TEAM = 6EL5V5QVB4;
				ENABLE_HARDENED_RUNTIME = YES;
				PRODUCT_NAME = "$(TARGET_NAME)";
				SWIFT_VERSION = 5.0;
			};
			name = Debug;
		};
		E9F3CF3223849691005B8B13 /* Release */ = {
			isa = XCBuildConfiguration;
			buildSettings = {
				CODE_SIGN_STYLE = Automatic;
				DEVELOPMENT_TEAM = 6EL5V5QVB4;
				ENABLE_HARDENED_RUNTIME = YES;
				PRODUCT_NAME = "$(TARGET_NAME)";
				SWIFT_VERSION = 5.0;
			};
			name = Release;
		};
/* End XCBuildConfiguration section */

/* Begin XCConfigurationList section */
		E9F3CF2423849691005B8B13 /* Build configuration list for PBXProject "AdventOfCode-Swift" */ = {
			isa = XCConfigurationList;
			buildConfigurations = (
				E9F3CF2E23849691005B8B13 /* Debug */,
				E9F3CF2F23849691005B8B13 /* Release */,
			);
			defaultConfigurationIsVisible = 0;
			defaultConfigurationName = Release;
		};
		E9F3CF3023849691005B8B13 /* Build configuration list for PBXNativeTarget "AdventOfCode-Swift" */ = {
			isa = XCConfigurationList;
			buildConfigurations = (
				E9F3CF3123849691005B8B13 /* Debug */,
				E9F3CF3223849691005B8B13 /* Release */,
			);
			defaultConfigurationIsVisible = 0;
			defaultConfigurationName = Release;
		};
/* End XCConfigurationList section */
	};
	rootObject = E9F3CF2123849691005B8B13 /* Project object */;
}
